
Microsoft Visual Studio Solution File, Format Version 12.00
# Visual Studio Version 17
VisualStudioVersion = 17.2.32505.173
MinimumVisualStudioVersion = 10.0.40219.1
Project("{FAE04EC0-301F-11D3-BF4B-00C04F79EFBC}") = "InsuranceQuoteTest", "InsuranceQuoteTest\InsuranceQuoteTest.csproj", "{31E0C179-42DC-4B94-A533-63629363EBCD}"
EndProject
Global
	GlobalSection(SolutionConfigurationPlatforms) = preSolution
		Debug|Any CPU = Debug|Any CPU
		Release|Any CPU = Release|Any CPU
	EndGlobalSection
	GlobalSection(ProjectConfigurationPlatforms) = postSolution
		{31E0C179-42DC-4B94-A533-63629363EBCD}.Debug|Any CPU.ActiveCfg = Debug|Any CPU
		{31E0C179-42DC-4B94-A533-63629363EBCD}.Debug|Any CPU.Build.0 = Debug|Any CPU
		{31E0C179-42DC-4B94-A533-63629363EBCD}.Release|Any CPU.ActiveCfg = Release|Any CPU
		{31E0C179-42DC-4B94-A533-63629363EBCD}.Release|Any CPU.Build.0 = Release|Any CPU
	EndGlobalSection
	GlobalSection(SolutionProperties) = preSolution
		HideSolutionNode = FALSE
	EndGlobalSection
	GlobalSection(ExtensibilityGlobals) = postSolution
		SolutionGuid = {E8BB8175-D8DD-4548-86FA-3E307223A1D3}
	EndGlobalSection
EndGlobal
